// !$*UTF8*$!
{
	archiveVersion = 1;
	classes = {
	};
	objectVersion = 46;
	objects = {

/* Begin PBXBuildFile section */
		4D95B3801788566F0085469A /* UIKit.framework in Frameworks */ = {isa = PBXBuildFile; fileRef = 4D95B37F1788566F0085469A /* UIKit.framework */; };
		4D95B3821788566F0085469A /* Foundation.framework in Frameworks */ = {isa = PBXBuildFile; fileRef = 4D95B3811788566F0085469A /* Foundation.framework */; };
		4D95B3841788566F0085469A /* CoreGraphics.framework in Frameworks */ = {isa = PBXBuildFile; fileRef = 4D95B3831788566F0085469A /* CoreGraphics.framework */; };
		4D95B3861788566F0085469A /* CoreData.framework in Frameworks */ = {isa = PBXBuildFile; fileRef = 4D95B3851788566F0085469A /* CoreData.framework */; };
		4D95B38C1788566F0085469A /* InfoPlist.strings in Resources */ = {isa = PBXBuildFile; fileRef = 4D95B38A1788566F0085469A /* InfoPlist.strings */; };
		4D95B38E1788566F0085469A /* main.m in Sources */ = {isa = PBXBuildFile; fileRef = 4D95B38D1788566F0085469A /* main.m */; };
		4D95B3921788566F0085469A /* COAppDelegate.m in Sources */ = {isa = PBXBuildFile; fileRef = 4D95B3911788566F0085469A /* COAppDelegate.m */; };
		4D95B3941788566F0085469A /* Default.png in Resources */ = {isa = PBXBuildFile; fileRef = 4D95B3931788566F0085469A /* Default.png */; };
		4D95B3961788566F0085469A /* Default@2x.png in Resources */ = {isa = PBXBuildFile; fileRef = 4D95B3951788566F0085469A /* Default@2x.png */; };
		4D95B3981788566F0085469A /* Default-568h@2x.png in Resources */ = {isa = PBXBuildFile; fileRef = 4D95B3971788566F0085469A /* Default-568h@2x.png */; };
		4D95B39B1788566F0085469A /* Colecionavel.xcdatamodeld in Sources */ = {isa = PBXBuildFile; fileRef = 4D95B3991788566F0085469A /* Colecionavel.xcdatamodeld */; };
		4D95B39E1788566F0085469A /* COMasterViewController.m in Sources */ = {isa = PBXBuildFile; fileRef = 4D95B39D1788566F0085469A /* COMasterViewController.m */; };
		4D95B3A11788566F0085469A /* CODetailViewController.m in Sources */ = {isa = PBXBuildFile; fileRef = 4D95B3A01788566F0085469A /* CODetailViewController.m */; };
		4D95B3A41788566F0085469A /* COMasterViewController.xib in Resources */ = {isa = PBXBuildFile; fileRef = 4D95B3A21788566F0085469A /* COMasterViewController.xib */; };
		4D95B3A71788566F0085469A /* CODetailViewController.xib in Resources */ = {isa = PBXBuildFile; fileRef = 4D95B3A51788566F0085469A /* CODetailViewController.xib */; };
/* End PBXBuildFile section */

/* Begin PBXFileReference section */
		4D95B37C1788566F0085469A /* Colecionavel.app */ = {isa = PBXFileReference; explicitFileType = wrapper.application; includeInIndex = 0; path = Colecionavel.app; sourceTree = BUILT_PRODUCTS_DIR; };
		4D95B37F1788566F0085469A /* UIKit.framework */ = {isa = PBXFileReference; lastKnownFileType = wrapper.framework; name = UIKit.framework; path = System/Library/Frameworks/UIKit.framework; sourceTree = SDKROOT; };
		4D95B3811788566F0085469A /* Foundation.framework */ = {isa = PBXFileReference; lastKnownFileType = wrapper.framework; name = Foundation.framework; path = System/Library/Frameworks/Foundation.framework; sourceTree = SDKROOT; };
		4D95B3831788566F0085469A /* CoreGraphics.framework */ = {isa = PBXFileReference; lastKnownFileType = wrapper.framework; name = CoreGraphics.framework; path = System/Library/Frameworks/CoreGraphics.framework; sourceTree = SDKROOT; };
		4D95B3851788566F0085469A /* CoreData.framework */ = {isa = PBXFileReference; lastKnownFileType = wrapper.framework; name = CoreData.framework; path = System/Library/Frameworks/CoreData.framework; sourceTree = SDKROOT; };
		4D95B3891788566F0085469A /* Colecionavel-Info.plist */ = {isa = PBXFileReference; lastKnownFileType = text.plist.xml; path = "Colecionavel-Info.plist"; sourceTree = "<group>"; };
		4D95B38B1788566F0085469A /* en */ = {isa = PBXFileReference; lastKnownFileType = text.plist.strings; name = en; path = en.lproj/InfoPlist.strings; sourceTree = "<group>"; };
		4D95B38D1788566F0085469A /* main.m */ = {isa = PBXFileReference; lastKnownFileType = sourcecode.c.objc; path = main.m; sourceTree = "<group>"; };
		4D95B38F1788566F0085469A /* Colecionavel-Prefix.pch */ = {isa = PBXFileReference; lastKnownFileType = sourcecode.c.h; path = "Colecionavel-Prefix.pch"; sourceTree = "<group>"; };
		4D95B3901788566F0085469A /* COAppDelegate.h */ = {isa = PBXFileReference; lastKnownFileType = sourcecode.c.h; path = COAppDelegate.h; sourceTree = "<group>"; };
		4D95B3911788566F0085469A /* COAppDelegate.m */ = {isa = PBXFileReference; lastKnownFileType = sourcecode.c.objc; path = COAppDelegate.m; sourceTree = "<group>"; };
		4D95B3931788566F0085469A /* Default.png */ = {isa = PBXFileReference; lastKnownFileType = image.png; path = Default.png; sourceTree = "<group>"; };
		4D95B3951788566F0085469A /* Default@2x.png */ = {isa = PBXFileReference; lastKnownFileType = image.png; path = "Default@2x.png"; sourceTree = "<group>"; };
		4D95B3971788566F0085469A /* Default-568h@2x.png */ = {isa = PBXFileReference; lastKnownFileType = image.png; path = "Default-568h@2x.png"; sourceTree = "<group>"; };
		4D95B39A1788566F0085469A /* Colecionavel.xcdatamodel */ = {isa = PBXFileReference; lastKnownFileType = wrapper.xcdatamodel; path = Colecionavel.xcdatamodel; sourceTree = "<group>"; };
		4D95B39C1788566F0085469A /* COMasterViewController.h */ = {isa = PBXFileReference; lastKnownFileType = sourcecode.c.h; path = COMasterViewController.h; sourceTree = "<group>"; };
		4D95B39D1788566F0085469A /* COMasterViewController.m */ = {isa = PBXFileReference; lastKnownFileType = sourcecode.c.objc; path = COMasterViewController.m; sourceTree = "<group>"; };
		4D95B39F1788566F0085469A /* CODetailViewController.h */ = {isa = PBXFileReference; lastKnownFileType = sourcecode.c.h; path = CODetailViewController.h; sourceTree = "<group>"; };
		4D95B3A01788566F0085469A /* CODetailViewController.m */ = {isa = PBXFileReference; lastKnownFileType = sourcecode.c.objc; path = CODetailViewController.m; sourceTree = "<group>"; };
		4D95B3A31788566F0085469A /* en */ = {isa = PBXFileReference; lastKnownFileType = file.xib; name = en; path = en.lproj/COMasterViewController.xib; sourceTree = "<group>"; };
		4D95B3A61788566F0085469A /* en */ = {isa = PBXFileReference; lastKnownFileType = file.xib; name = en; path = en.lproj/CODetailViewController.xib; sourceTree = "<group>"; };
/* End PBXFileReference section */

/* Begin PBXFrameworksBuildPhase section */
		4D95B3791788566F0085469A /* Frameworks */ = {
			isa = PBXFrameworksBuildPhase;
			buildActionMask = 2147483647;
			files = (
				4D95B3801788566F0085469A /* UIKit.framework in Frameworks */,
				4D95B3821788566F0085469A /* Foundation.framework in Frameworks */,
				4D95B3841788566F0085469A /* CoreGraphics.framework in Frameworks */,
				4D95B3861788566F0085469A /* CoreData.framework in Frameworks */,
			);
			runOnlyForDeploymentPostprocessing = 0;
		};
/* End PBXFrameworksBuildPhase section */

/* Begin PBXGroup section */
		4D95B3731788566F0085469A = {
			isa = PBXGroup;
			children = (
				4D95B3871788566F0085469A /* Colecionavel */,
				4D95B37E1788566F0085469A /* Frameworks */,
				4D95B37D1788566F0085469A /* Products */,
			);
			sourceTree = "<group>";
		};
		4D95B37D1788566F0085469A /* Products */ = {
			isa = PBXGroup;
			children = (
				4D95B37C1788566F0085469A /* Colecionavel.app */,
			);
			name = Products;
			sourceTree = "<group>";
		};
		4D95B37E1788566F0085469A /* Frameworks */ = {
			isa = PBXGroup;
			children = (
				4D95B37F1788566F0085469A /* UIKit.framework */,
				4D95B3811788566F0085469A /* Foundation.framework */,
				4D95B3831788566F0085469A /* CoreGraphics.framework */,
				4D95B3851788566F0085469A /* CoreData.framework */,
			);
			name = Frameworks;
			sourceTree = "<group>";
		};
		4D95B3871788566F0085469A /* Colecionavel */ = {
			isa = PBXGroup;
			children = (
				4D95B3901788566F0085469A /* COAppDelegate.h */,
				4D95B3911788566F0085469A /* COAppDelegate.m */,
				4D95B39C1788566F0085469A /* COMasterViewController.h */,
				4D95B39D1788566F0085469A /* COMasterViewController.m */,
				4D95B39F1788566F0085469A /* CODetailViewController.h */,
				4D95B3A01788566F0085469A /* CODetailViewController.m */,
				4D95B3A21788566F0085469A /* COMasterViewController.xib */,
				4D95B3A51788566F0085469A /* CODetailViewController.xib */,
				4D95B3991788566F0085469A /* Colecionavel.xcdatamodeld */,
				4D95B3881788566F0085469A /* Supporting Files */,
			);
			path = Colecionavel;
			sourceTree = "<group>";
		};
		4D95B3881788566F0085469A /* Supporting Files */ = {
			isa = PBXGroup;
			children = (
				4D95B3891788566F0085469A /* Colecionavel-Info.plist */,
				4D95B38A1788566F0085469A /* InfoPlist.strings */,
				4D95B38D1788566F0085469A /* main.m */,
				4D95B38F1788566F0085469A /* Colecionavel-Prefix.pch */,
				4D95B3931788566F0085469A /* Default.png */,
				4D95B3951788566F0085469A /* Default@2x.png */,
				4D95B3971788566F0085469A /* Default-568h@2x.png */,
			);
			name = "Supporting Files";
			sourceTree = "<group>";
		};
/* End PBXGroup section */

/* Begin PBXNativeTarget section */
		4D95B37B1788566F0085469A /* Colecionavel */ = {
			isa = PBXNativeTarget;
			buildConfigurationList = 4D95B3AA1788566F0085469A /* Build configuration list for PBXNativeTarget "Colecionavel" */;
			buildPhases = (
				4D95B3781788566F0085469A /* Sources */,
				4D95B3791788566F0085469A /* Frameworks */,
				4D95B37A1788566F0085469A /* Resources */,
			);
			buildRules = (
			);
			dependencies = (
			);
			name = Colecionavel;
			productName = Colecionavel;
			productReference = 4D95B37C1788566F0085469A /* Colecionavel.app */;
			productType = "com.apple.product-type.application";
		};
/* End PBXNativeTarget section */

/* Begin PBXProject section */
		4D95B3741788566F0085469A /* Project object */ = {
			isa = PBXProject;
			attributes = {
				CLASSPREFIX = CO;
				LastUpgradeCheck = 0460;
				ORGANIZATIONNAME = raffaelps;
			};
			buildConfigurationList = 4D95B3771788566F0085469A /* Build configuration list for PBXProject "Colecionavel" */;
			compatibilityVersion = "Xcode 3.2";
			developmentRegion = English;
			hasScannedForEncodings = 0;
			knownRegions = (
				en,
			);
			mainGroup = 4D95B3731788566F0085469A;
			productRefGroup = 4D95B37D1788566F0085469A /* Products */;
			projectDirPath = "";
			projectRoot = "";
			targets = (
				4D95B37B1788566F0085469A /* Colecionavel */,
			);
		};
/* End PBXProject section */

/* Begin PBXResourcesBuildPhase section */
		4D95B37A1788566F0085469A /* Resources */ = {
			isa = PBXResourcesBuildPhase;
			buildActionMask = 2147483647;
			files = (
				4D95B38C1788566F0085469A /* InfoPlist.strings in Resources */,
				4D95B3941788566F0085469A /* Default.png in Resources */,
				4D95B3961788566F0085469A /* Default@2x.png in Resources */,
				4D95B3981788566F0085469A /* Default-568h@2x.png in Resources */,
				4D95B3A41788566F0085469A /* COMasterViewController.xib in Resources */,
				4D95B3A71788566F0085469A /* CODetailViewController.xib in Resources */,
			);
			runOnlyForDeploymentPostprocessing = 0;
		};
/* End PBXResourcesBuildPhase section */

/* Begin PBXSourcesBuildPhase section */
		4D95B3781788566F0085469A /* Sources */ = {
			isa = PBXSourcesBuildPhase;
			buildActionMask = 2147483647;
			files = (
				4D95B38E1788566F0085469A /* main.m in Sources */,
				4D95B3921788566F0085469A /* COAppDelegate.m in Sources */,
				4D95B39B1788566F0085469A /* Colecionavel.xcdatamodeld in Sources */,
				4D95B39E1788566F0085469A /* COMasterViewController.m in Sources */,
				4D95B3A11788566F0085469A /* CODetailViewController.m in Sources */,
			);
			runOnlyForDeploymentPostprocessing = 0;
		};
/* End PBXSourcesBuildPhase section */

/* Begin PBXVariantGroup section */
		4D95B38A1788566F0085469A /* InfoPlist.strings */ = {
			isa = PBXVariantGroup;
			children = (
				4D95B38B1788566F0085469A /* en */,
			);
			name = InfoPlist.strings;
			sourceTree = "<group>";
		};
		4D95B3A21788566F0085469A /* COMasterViewController.xib */ = {
			isa = PBXVariantGroup;
			children = (
				4D95B3A31788566F0085469A /* en */,
			);
			name = COMasterViewController.xib;
			sourceTree = "<group>";
		};
		4D95B3A51788566F0085469A /* CODetailViewController.xib */ = {
			isa = PBXVariantGroup;
			children = (
				4D95B3A61788566F0085469A /* en */,
			);
			name = CODetailViewController.xib;
			sourceTree = "<group>";
		};
/* End PBXVariantGroup section */

/* Begin XCBuildConfiguration section */
		4D95B3A81788566F0085469A /* Debug */ = {
			isa = XCBuildConfiguration;
			buildSettings = {
				ALWAYS_SEARCH_USER_PATHS = NO;
				CLANG_CXX_LANGUAGE_STANDARD = "gnu++0x";
				CLANG_CXX_LIBRARY = "libc++";
				CLANG_WARN_CONSTANT_CONVERSION = YES;
				CLANG_WARN_EMPTY_BODY = YES;
				CLANG_WARN_ENUM_CONVERSION = YES;
				CLANG_WARN_INT_CONVERSION = YES;
				CLANG_WARN__DUPLICATE_METHOD_MATCH = YES;
				"CODE_SIGN_IDENTITY[sdk=iphoneos*]" = "iPhone Developer";
				COPY_PHASE_STRIP = NO;
				GCC_C_LANGUAGE_STANDARD = gnu99;
				GCC_DYNAMIC_NO_PIC = NO;
				GCC_OPTIMIZATION_LEVEL = 0;
				GCC_PREPROCESSOR_DEFINITIONS = (
					"DEBUG=1",
					"$(inherited)",
				);
				GCC_SYMBOLS_PRIVATE_EXTERN = NO;
				GCC_WARN_ABOUT_RETURN_TYPE = YES;
				GCC_WARN_UNINITIALIZED_AUTOS = YES;
				GCC_WARN_UNUSED_VARIABLE = YES;
				IPHONEOS_DEPLOYMENT_TARGET = 6.1;
				ONLY_ACTIVE_ARCH = YES;
				SDKROOT = iphoneos;
			};
			name = Debug;
		};
		4D95B3A91788566F0085469A /* Release */ = {
			isa = XCBuildConfiguration;
			buildSettings = {
				ALWAYS_SEARCH_USER_PATHS = NO;
				CLANG_CXX_LANGUAGE_STANDARD = "gnu++0x";
				CLANG_CXX_LIBRARY = "libc++";
				CLANG_WARN_CONSTANT_CONVERSION = YES;
				CLANG_WARN_EMPTY_BODY = YES;
				CLANG_WARN_ENUM_CONVERSION = YES;
				CLANG_WARN_INT_CONVERSION = YES;
				CLANG_WARN__DUPLICATE_METHOD_MATCH = YES;
				"CODE_SIGN_IDENTITY[sdk=iphoneos*]" = "iPhone Developer";
				COPY_PHASE_STRIP = YES;
				GCC_C_LANGUAGE_STANDARD = gnu99;
				GCC_WARN_ABOUT_RETURN_TYPE = YES;
				GCC_WARN_UNINITIALIZED_AUTOS = YES;
				GCC_WARN_UNUSED_VARIABLE = YES;
				IPHONEOS_DEPLOYMENT_TARGET = 6.1;
				OTHER_CFLAGS = "-DNS_BLOCK_ASSERTIONS=1";
				SDKROOT = iphoneos;
				VALIDATE_PRODUCT = YES;
			};
			name = Release;
		};
		4D95B3AB1788566F0085469A /* Debug */ = {
			isa = XCBuildConfiguration;
			buildSettings = {
				GCC_PRECOMPILE_PREFIX_HEADER = YES;
				GCC_PREFIX_HEADER = "Colecionavel/Colecionavel-Prefix.pch";
				INFOPLIST_FILE = "Colecionavel/Colecionavel-Info.plist";
				PRODUCT_NAME = "$(TARGET_NAME)";
				WRAPPER_EXTENSION = app;
			};
			name = Debug;
		};
		4D95B3AC1788566F0085469A /* Release */ = {
			isa = XCBuildConfiguration;
			buildSettings = {
				GCC_PRECOMPILE_PREFIX_HEADER = YES;
				GCC_PREFIX_HEADER = "Colecionavel/Colecionavel-Prefix.pch";
				INFOPLIST_FILE = "Colecionavel/Colecionavel-Info.plist";
				PRODUCT_NAME = "$(TARGET_NAME)";
				WRAPPER_EXTENSION = app;
			};
			name = Release;
		};
/* End XCBuildConfiguration section */

/* Begin XCConfigurationList section */
		4D95B3771788566F0085469A /* Build configuration list for PBXProject "Colecionavel" */ = {
			isa = XCConfigurationList;
			buildConfigurations = (
				4D95B3A81788566F0085469A /* Debug */,
				4D95B3A91788566F0085469A /* Release */,
			);
			defaultConfigurationIsVisible = 0;
			defaultConfigurationName = Release;
		};
		4D95B3AA1788566F0085469A /* Build configuration list for PBXNativeTarget "Colecionavel" */ = {
			isa = XCConfigurationList;
			buildConfigurations = (
				4D95B3AB1788566F0085469A /* Debug */,
				4D95B3AC1788566F0085469A /* Release */,
			);
			defaultConfigurationIsVisible = 0;
		};
/* End XCConfigurationList section */

/* Begin XCVersionGroup section */
		4D95B3991788566F0085469A /* Colecionavel.xcdatamodeld */ = {
			isa = XCVersionGroup;
			children = (
				4D95B39A1788566F0085469A /* Colecionavel.xcdatamodel */,
			);
			currentVersion = 4D95B39A1788566F0085469A /* Colecionavel.xcdatamodel */;
			path = Colecionavel.xcdatamodeld;
			sourceTree = "<group>";
			versionGroupType = wrapper.xcdatamodel;
		};
/* End XCVersionGroup section */
	};
	rootObject = 4D95B3741788566F0085469A /* Project object */;
}
